# THIS IS AN AUTOGENERATED FILE. DO NOT EDIT THIS FILE DIRECTLY.
# yarn lockfile v1


"@dhmk/utils@^2.4.0":
  version "2.4.0"
  resolved "https://registry.yarnpkg.com/@dhmk/utils/-/utils-2.4.0.tgz#3791b2301d7144b150d3c148392c710eb9dd310b"
  integrity sha512-jECoYCI3FQZs8NQ/f+s91HZYPmpa/J4RKAU0OPWNb9om7yjdadcwRk2UQsbf2cgLat4Z9xQFQg72GPKBClZu2Q==

typescript@^4.5.4:
  version "4.5.4"
  resolved "https://registry.yarnpkg.com/typescript/-/typescript-4.5.4.tgz#a17d3a0263bf5c8723b9c52f43c5084edf13c2e8"
  integrity sha512-VgYs2A2QIRuGphtzFV7aQJduJ2gyfTljngLzjpfW9FoYZF6xuw1W0vW9ghCKLfcWrCFxK81CSGRAvS1pn4fIUg==

zustand@^3.6.7:
  version "3.6.7"
  resolved "https://registry.yarnpkg.com/zustand/-/zustand-3.6.7.tgz#aab5ac0a9d6d21dce752aecd390f373ed9c9d70a"
  integrity sha512-bYWKXMfoJwZyliFgidcQ3tJC/F2f2hHq1+lhTk8dVPX2k28i4VnpnKjBGNxAd2QNliV0m455Vm+gDL8LShrV3g==
